
Microsoft Visual Studio Solution File, Format Version 12.00
# Visual Studio Version 16
VisualStudioVersion = 16.0.31402.337
MinimumVisualStudioVersion = 10.0.40219.1
Project("{FAE04EC0-301F-11D3-BF4B-00C04F79EFBC}") = "WindowsFormsApp2_1", "WindowsFormsApp2_1\WindowsFormsApp2_1.csproj", "{8507A046-07E1-4301-A4F5-0F5C271A4371}"
EndProject
Project("{FAE04EC0-301F-11D3-BF4B-00C04F79EFBC}") = "UnitTestProject1", "UnitTestProject1\UnitTestProject1.csproj", "{FB7A78C1-F21F-420B-A5DF-416A1E666E2C}"
EndProject
Global
	GlobalSection(SolutionConfigurationPlatforms) = preSolution
		Debug|Any CPU = Debug|Any CPU
		Release|Any CPU = Release|Any CPU
	EndGlobalSection
	GlobalSection(ProjectConfigurationPlatforms) = postSolution
		{8507A046-07E1-4301-A4F5-0F5C271A4371}.Debug|Any CPU.ActiveCfg = Debug|Any CPU
		{8507A046-07E1-4301-A4F5-0F5C271A4371}.Debug|Any CPU.Build.0 = Debug|Any CPU
		{8507A046-07E1-4301-A4F5-0F5C271A4371}.Release|Any CPU.ActiveCfg = Release|Any CPU
		{8507A046-07E1-4301-A4F5-0F5C271A4371}.Release|Any CPU.Build.0 = Release|Any CPU
		{FB7A78C1-F21F-420B-A5DF-416A1E666E2C}.Debug|Any CPU.ActiveCfg = Debug|Any CPU
		{FB7A78C1-F21F-420B-A5DF-416A1E666E2C}.Debug|Any CPU.Build.0 = Debug|Any CPU
		{FB7A78C1-F21F-420B-A5DF-416A1E666E2C}.Release|Any CPU.ActiveCfg = Release|Any CPU
		{FB7A78C1-F21F-420B-A5DF-416A1E666E2C}.Release|Any CPU.Build.0 = Release|Any CPU
	EndGlobalSection
	GlobalSection(SolutionProperties) = preSolution
		HideSolutionNode = FALSE
	EndGlobalSection
	GlobalSection(ExtensibilityGlobals) = postSolution
		SolutionGuid = {A764E1DB-9512-45F1-B6ED-7BDBBEF6F40F}
	EndGlobalSection
EndGlobal
